
Microsoft Visual Studio Solution File, Format Version 12.00
# Visual Studio Version 17
VisualStudioVersion = 17.4.33213.308
MinimumVisualStudioVersion = 10.0.40219.1
Project("{FAE04EC0-301F-11D3-BF4B-00C04F79EFBC}") = "Homework4.19.Web", "Homework4.19.Web\Homework4.19.Web.csproj", "{F35FDD88-27C4-4E34-B8D5-61A8644E3CF8}"
EndProject
Project("{FAE04EC0-301F-11D3-BF4B-00C04F79EFBC}") = "Homework4.19.Data", "Homework4.19.Data\Homework4.19.Data.csproj", "{8C63E3E1-B501-42C2-8019-7C59CBA825E2}"
EndProject
Global
	GlobalSection(SolutionConfigurationPlatforms) = preSolution
		Debug|Any CPU = Debug|Any CPU
		Release|Any CPU = Release|Any CPU
	EndGlobalSection
	GlobalSection(ProjectConfigurationPlatforms) = postSolution
		{F35FDD88-27C4-4E34-B8D5-61A8644E3CF8}.Debug|Any CPU.ActiveCfg = Debug|Any CPU
		{F35FDD88-27C4-4E34-B8D5-61A8644E3CF8}.Debug|Any CPU.Build.0 = Debug|Any CPU
		{F35FDD88-27C4-4E34-B8D5-61A8644E3CF8}.Release|Any CPU.ActiveCfg = Release|Any CPU
		{F35FDD88-27C4-4E34-B8D5-61A8644E3CF8}.Release|Any CPU.Build.0 = Release|Any CPU
		{8C63E3E1-B501-42C2-8019-7C59CBA825E2}.Debug|Any CPU.ActiveCfg = Debug|Any CPU
		{8C63E3E1-B501-42C2-8019-7C59CBA825E2}.Debug|Any CPU.Build.0 = Debug|Any CPU
		{8C63E3E1-B501-42C2-8019-7C59CBA825E2}.Release|Any CPU.ActiveCfg = Release|Any CPU
		{8C63E3E1-B501-42C2-8019-7C59CBA825E2}.Release|Any CPU.Build.0 = Release|Any CPU
	EndGlobalSection
	GlobalSection(SolutionProperties) = preSolution
		HideSolutionNode = FALSE
	EndGlobalSection
	GlobalSection(ExtensibilityGlobals) = postSolution
		SolutionGuid = {E035DBBB-D1C4-4CB8-A0BD-2367CFF7E254}
	EndGlobalSection
EndGlobal
